// !$*UTF8*$!
{
	archiveVersion = 1;
	classes = {
	};
	objectVersion = 77;
	objects = {

/* Begin PBXBuildFile section */
		49E9EBA22FAA5DEC0055E5A7 /* AppDelegate.swift in Sources */ = {isa = PBXBuildFile; fileRef = 49E9EBA12FAA5DEC0055E5A7 /* AppDelegate.swift */; };
		49E9EBA62FAA5DEC0055E5A7 /* Main.html in Resources */ = {isa = PBXBuildFile; fileRef = 49E9EBA42FAA5DEC0055E5A7 /* Main.html */; };
		49E9EBA82FAA5DEC0055E5A7 /* Icon.png in Resources */ = {isa = PBXBuildFile; fileRef = 49E9EBA72FAA5DEC0055E5A7 /* Icon.png */; };
		49E9EBAA2FAA5DEC0055E5A7 /* Style.css in Resources */ = {isa = PBXBuildFile; fileRef = 49E9EBA92FAA5DEC0055E5A7 /* Style.css */; };
		49E9EBAC2FAA5DEC0055E5A7 /* Script.js in Resources */ = {isa = PBXBuildFile; fileRef = 49E9EBAB2FAA5DEC0055E5A7 /* Script.js */; };
		49E9EBAE2FAA5DEC0055E5A7 /* ViewController.swift in Sources */ = {isa = PBXBuildFile; fileRef = 49E9EBAD2FAA5DEC0055E5A7 /* ViewController.swift */; };
		49E9EBB12FAA5DEC0055E5A7 /* Main.storyboard in Resources */ = {isa = PBXBuildFile; fileRef = 49E9EBAF2FAA5DEC0055E5A7 /* Main.storyboard */; };
		49E9EBB32FAA5E040055E5A7 /* Assets.xcassets in Resources */ = {isa = PBXBuildFile; fileRef = 49E9EBB22FAA5E040055E5A7 /* Assets.xcassets */; };
		49E9EBBA2FAA5E070055E5A7 /* Webdev Toolbox Extension.appex in Embed Foundation Extensions */ = {isa = PBXBuildFile; fileRef = 49E9EBB92FAA5E070055E5A7 /* Webdev Toolbox Extension.appex */; settings = {ATTRIBUTES = (RemoveHeadersOnCopy, ); }; };
		49E9EBBF2FAA5E070055E5A7 /* SafariWebExtensionHandler.swift in Sources */ = {isa = PBXBuildFile; fileRef = 49E9EBBE2FAA5E070055E5A7 /* SafariWebExtensionHandler.swift */; };
		49E9EBE02FAA5E100055E5A7 /* icon.png in Resources */ = {isa = PBXBuildFile; fileRef = 49E9EBCB2FAA5E100055E5A7 /* icon.png */; };
		49E9EBE12FAA5E100055E5A7 /* popup.js in Resources */ = {isa = PBXBuildFile; fileRef = 49E9EBCC2FAA5E100055E5A7 /* popup.js */; };
		49E9EBE22FAA5E100055E5A7 /* popup_old.js in Resources */ = {isa = PBXBuildFile; fileRef = 49E9EBCD2FAA5E100055E5A7 /* popup_old.js */; };
		49E9EBE32FAA5E100055E5A7 /* NEW_IDEAS.md in Resources */ = {isa = PBXBuildFile; fileRef = 49E9EBCE2FAA5E100055E5A7 /* NEW_IDEAS.md */; };
		49E9EBE42FAA5E100055E5A7 /* IDEAS.md in Resources */ = {isa = PBXBuildFile; fileRef = 49E9EBCF2FAA5E100055E5A7 /* IDEAS.md */; };
		49E9EBE52FAA5E100055E5A7 /* background.js in Resources */ = {isa = PBXBuildFile; fileRef = 49E9EBD02FAA5E100055E5A7 /* background.js */; };
		49E9EBE62FAA5E100055E5A7 /* converter.js in Resources */ = {isa = PBXBuildFile; fileRef = 49E9EBD12FAA5E100055E5A7 /* converter.js */; };
		49E9EBE72FAA5E100055E5A7 /* popup.html in Resources */ = {isa = PBXBuildFile; fileRef = 49E9EBD22FAA5E100055E5A7 /* popup.html */; };
		49E9EBE82FAA5E100055E5A7 /* dashboard.html in Resources */ = {isa = PBXBuildFile; fileRef = 49E9EBD32FAA5E100055E5A7 /* dashboard.html */; };
		49E9EBE92FAA5E100055E5A7 /* background_f50.js in Resources */ = {isa = PBXBuildFile; fileRef = 49E9EBD42FAA5E100055E5A7 /* background_f50.js */; };
		49E9EBEA2FAA5E100055E5A7 /* README.md in Resources */ = {isa = PBXBuildFile; fileRef = 49E9EBD52FAA5E100055E5A7 /* README.md */; };
		49E9EBEB2FAA5E100055E5A7 /* ROADMAP.md in Resources */ = {isa = PBXBuildFile; fileRef = 49E9EBD62FAA5E100055E5A7 /* ROADMAP.md */; };
		49E9EBEC2FAA5E100055E5A7 /* popup_f50.js in Resources */ = {isa = PBXBuildFile; fileRef = 49E9EBD72FAA5E100055E5A7 /* popup_f50.js */; };
		49E9EBED2FAA5E100055E5A7 /* manifest.json in Resources */ = {isa = PBXBuildFile; fileRef = 49E9EBD82FAA5E100055E5A7 /* manifest.json */; };
		49E9EBEE2FAA5E100055E5A7 /* release.sh in Resources */ = {isa = PBXBuildFile; fileRef = 49E9EBD92FAA5E100055E5A7 /* release.sh */; };
		49E9EBEF2FAA5E100055E5A7 /* dashboard.js in Resources */ = {isa = PBXBuildFile; fileRef = 49E9EBDA2FAA5E100055E5A7 /* dashboard.js */; };
		49E9EBF02FAA5E100055E5A7 /* old_toolkit_listeners.txt in Resources */ = {isa = PBXBuildFile; fileRef = 49E9EBDB2FAA5E100055E5A7 /* old_toolkit_listeners.txt */; };
		49E9EBF12FAA5E100055E5A7 /* popup_f50.html in Resources */ = {isa = PBXBuildFile; fileRef = 49E9EBDC2FAA5E100055E5A7 /* popup_f50.html */; };
		49E9EBF22FAA5E100055E5A7 /* INSTRUCTIONS.md in Resources */ = {isa = PBXBuildFile; fileRef = 49E9EBDD2FAA5E100055E5A7 /* INSTRUCTIONS.md */; };
		49E9EBF32FAA5E100055E5A7 /* CONVERSION.md in Resources */ = {isa = PBXBuildFile; fileRef = 49E9EBDE2FAA5E100055E5A7 /* CONVERSION.md */; };
		49E9EBF42FAA5E100055E5A7 /* PORTABILITY.md in Resources */ = {isa = PBXBuildFile; fileRef = 49E9EBDF2FAA5E100055E5A7 /* PORTABILITY.md */; };
/* End PBXBuildFile section */

/* Begin PBXContainerItemProxy section */
		49E9EBBB2FAA5E070055E5A7 /* PBXContainerItemProxy */ = {
			isa = PBXContainerItemProxy;
			containerPortal = 49E9EB962FAA5DEB0055E5A7 /* Project object */;
			proxyType = 1;
			remoteGlobalIDString = 49E9EBB82FAA5E070055E5A7;
			remoteInfo = "Webdev Toolbox Extension";
		};
/* End PBXContainerItemProxy section */

/* Begin PBXCopyFilesBuildPhase section */
		49E9EBC62FAA5E070055E5A7 /* Embed Foundation Extensions */ = {
			isa = PBXCopyFilesBuildPhase;
			buildActionMask = 2147483647;
			dstPath = "";
			dstSubfolderSpec = 13;
			files = (
				49E9EBBA2FAA5E070055E5A7 /* Webdev Toolbox Extension.appex in Embed Foundation Extensions */,
			);
			name = "Embed Foundation Extensions";
			runOnlyForDeploymentPostprocessing = 0;
		};
/* End PBXCopyFilesBuildPhase section */

/* Begin PBXFileReference section */
		49E9EB9E2FAA5DEB0055E5A7 /* Webdev Toolbox.app */ = {isa = PBXFileReference; explicitFileType = wrapper.application; includeInIndex = 0; path = "Webdev Toolbox.app"; sourceTree = BUILT_PRODUCTS_DIR; };
		49E9EBA12FAA5DEC0055E5A7 /* AppDelegate.swift */ = {isa = PBXFileReference; lastKnownFileType = sourcecode.swift; path = AppDelegate.swift; sourceTree = "<group>"; };
		49E9EBA52FAA5DEC0055E5A7 /* Base */ = {isa = PBXFileReference; lastKnownFileType = text.html; name = Base; path = Base.lproj/Main.html; sourceTree = "<group>"; };
		49E9EBA72FAA5DEC0055E5A7 /* Icon.png */ = {isa = PBXFileReference; lastKnownFileType = image.png; path = Icon.png; sourceTree = "<group>"; };
		49E9EBA92FAA5DEC0055E5A7 /* Style.css */ = {isa = PBXFileReference; lastKnownFileType = text.css; path = Style.css; sourceTree = "<group>"; };
		49E9EBAB2FAA5DEC0055E5A7 /* Script.js */ = {isa = PBXFileReference; lastKnownFileType = sourcecode.javascript; path = Script.js; sourceTree = "<group>"; };
		49E9EBAD2FAA5DEC0055E5A7 /* ViewController.swift */ = {isa = PBXFileReference; lastKnownFileType = sourcecode.swift; path = ViewController.swift; sourceTree = "<group>"; };
		49E9EBB02FAA5DEC0055E5A7 /* Base */ = {isa = PBXFileReference; lastKnownFileType = file.storyboard; name = Base; path = Base.lproj/Main.storyboard; sourceTree = "<group>"; };
		49E9EBB22FAA5E040055E5A7 /* Assets.xcassets */ = {isa = PBXFileReference; lastKnownFileType = folder.assetcatalog; path = Assets.xcassets; sourceTree = "<group>"; };
		49E9EBB42FAA5E040055E5A7 /* Info.plist */ = {isa = PBXFileReference; lastKnownFileType = text.plist.xml; path = Info.plist; sourceTree = "<group>"; };
		49E9EBB92FAA5E070055E5A7 /* Webdev Toolbox Extension.appex */ = {isa = PBXFileReference; explicitFileType = "wrapper.app-extension"; includeInIndex = 0; path = "Webdev Toolbox Extension.appex"; sourceTree = BUILT_PRODUCTS_DIR; };
		49E9EBBE2FAA5E070055E5A7 /* SafariWebExtensionHandler.swift */ = {isa = PBXFileReference; lastKnownFileType = sourcecode.swift; path = SafariWebExtensionHandler.swift; sourceTree = "<group>"; };
		49E9EBC02FAA5E070055E5A7 /* Info.plist */ = {isa = PBXFileReference; lastKnownFileType = text.plist.xml; path = Info.plist; sourceTree = "<group>"; };
		49E9EBCB2FAA5E100055E5A7 /* icon.png */ = {isa = PBXFileReference; lastKnownFileType = image.png; name = icon.png; path = ../../../dist_safari/icon.png; sourceTree = "<group>"; };
		49E9EBCC2FAA5E100055E5A7 /* popup.js */ = {isa = PBXFileReference; lastKnownFileType = sourcecode.javascript; name = popup.js; path = ../../../dist_safari/popup.js; sourceTree = "<group>"; };
		49E9EBCD2FAA5E100055E5A7 /* popup_old.js */ = {isa = PBXFileReference; lastKnownFileType = sourcecode.javascript; name = popup_old.js; path = ../../../dist_safari/popup_old.js; sourceTree = "<group>"; };
		49E9EBCE2FAA5E100055E5A7 /* NEW_IDEAS.md */ = {isa = PBXFileReference; lastKnownFileType = net.daringfireball.markdown; name = NEW_IDEAS.md; path = ../../../dist_safari/NEW_IDEAS.md; sourceTree = "<group>"; };
		49E9EBCF2FAA5E100055E5A7 /* IDEAS.md */ = {isa = PBXFileReference; lastKnownFileType = net.daringfireball.markdown; name = IDEAS.md; path = ../../../dist_safari/IDEAS.md; sourceTree = "<group>"; };
		49E9EBD02FAA5E100055E5A7 /* background.js */ = {isa = PBXFileReference; lastKnownFileType = sourcecode.javascript; name = background.js; path = ../../../dist_safari/background.js; sourceTree = "<group>"; };
		49E9EBD12FAA5E100055E5A7 /* converter.js */ = {isa = PBXFileReference; lastKnownFileType = sourcecode.javascript; name = converter.js; path = ../../../dist_safari/converter.js; sourceTree = "<group>"; };
		49E9EBD22FAA5E100055E5A7 /* popup.html */ = {isa = PBXFileReference; lastKnownFileType = text.html; name = popup.html; path = ../../../dist_safari/popup.html; sourceTree = "<group>"; };
		49E9EBD32FAA5E100055E5A7 /* dashboard.html */ = {isa = PBXFileReference; lastKnownFileType = text.html; name = dashboard.html; path = ../../../dist_safari/dashboard.html; sourceTree = "<group>"; };
		49E9EBD42FAA5E100055E5A7 /* background_f50.js */ = {isa = PBXFileReference; lastKnownFileType = sourcecode.javascript; name = background_f50.js; path = ../../../dist_safari/background_f50.js; sourceTree = "<group>"; };
		49E9EBD52FAA5E100055E5A7 /* README.md */ = {isa = PBXFileReference; lastKnownFileType = net.daringfireball.markdown; name = README.md; path = ../../../dist_safari/README.md; sourceTree = "<group>"; };
		49E9EBD62FAA5E100055E5A7 /* ROADMAP.md */ = {isa = PBXFileReference; lastKnownFileType = net.daringfireball.markdown; name = ROADMAP.md; path = ../../../dist_safari/ROADMAP.md; sourceTree = "<group>"; };
		49E9EBD72FAA5E100055E5A7 /* popup_f50.js */ = {isa = PBXFileReference; lastKnownFileType = sourcecode.javascript; name = popup_f50.js; path = ../../../dist_safari/popup_f50.js; sourceTree = "<group>"; };
		49E9EBD82FAA5E100055E5A7 /* manifest.json */ = {isa = PBXFileReference; lastKnownFileType = text.json; name = manifest.json; path = ../../../dist_safari/manifest.json; sourceTree = "<group>"; };
		49E9EBD92FAA5E100055E5A7 /* release.sh */ = {isa = PBXFileReference; lastKnownFileType = text.script.sh; name = release.sh; path = ../../../dist_safari/release.sh; sourceTree = "<group>"; };
		49E9EBDA2FAA5E100055E5A7 /* dashboard.js */ = {isa = PBXFileReference; lastKnownFileType = sourcecode.javascript; name = dashboard.js; path = ../../../dist_safari/dashboard.js; sourceTree = "<group>"; };
		49E9EBDB2FAA5E100055E5A7 /* old_toolkit_listeners.txt */ = {isa = PBXFileReference; lastKnownFileType = text; name = old_toolkit_listeners.txt; path = ../../../dist_safari/old_toolkit_listeners.txt; sourceTree = "<group>"; };
		49E9EBDC2FAA5E100055E5A7 /* popup_f50.html */ = {isa = PBXFileReference; lastKnownFileType = text.html; name = popup_f50.html; path = ../../../dist_safari/popup_f50.html; sourceTree = "<group>"; };
		49E9EBDD2FAA5E100055E5A7 /* INSTRUCTIONS.md */ = {isa = PBXFileReference; lastKnownFileType = net.daringfireball.markdown; name = INSTRUCTIONS.md; path = ../../../dist_safari/INSTRUCTIONS.md; sourceTree = "<group>"; };
		49E9EBDE2FAA5E100055E5A7 /* CONVERSION.md */ = {isa = PBXFileReference; lastKnownFileType = net.daringfireball.markdown; name = CONVERSION.md; path = ../../../dist_safari/CONVERSION.md; sourceTree = "<group>"; };
		49E9EBDF2FAA5E100055E5A7 /* PORTABILITY.md */ = {isa = PBXFileReference; lastKnownFileType = net.daringfireball.markdown; name = PORTABILITY.md; path = ../../../dist_safari/PORTABILITY.md; sourceTree = "<group>"; };
/* End PBXFileReference section */

/* Begin PBXFrameworksBuildPhase section */
		49E9EB9B2FAA5DEB0055E5A7 /* Frameworks */ = {
			isa = PBXFrameworksBuildPhase;
			buildActionMask = 2147483647;
			files = (
			);
			runOnlyForDeploymentPostprocessing = 0;
		};
		49E9EBB62FAA5E070055E5A7 /* Frameworks */ = {
			isa = PBXFrameworksBuildPhase;
			buildActionMask = 2147483647;
			files = (
			);
			runOnlyForDeploymentPostprocessing = 0;
		};
/* End PBXFrameworksBuildPhase section */

/* Begin PBXGroup section */
		49E9EB952FAA5DEA0055E5A7 = {
			isa = PBXGroup;
			children = (
				49E9EBA02FAA5DEB0055E5A7 /* Webdev Toolbox */,
				49E9EBBD2FAA5E070055E5A7 /* Webdev Toolbox Extension */,
				49E9EB9F2FAA5DEB0055E5A7 /* Products */,
			);
			sourceTree = "<group>";
		};
		49E9EB9F2FAA5DEB0055E5A7 /* Products */ = {
			isa = PBXGroup;
			children = (
				49E9EB9E2FAA5DEB0055E5A7 /* Webdev Toolbox.app */,
				49E9EBB92FAA5E070055E5A7 /* Webdev Toolbox Extension.appex */,
			);
			name = Products;
			sourceTree = "<group>";
		};
		49E9EBA02FAA5DEB0055E5A7 /* Webdev Toolbox */ = {
			isa = PBXGroup;
			children = (
				49E9EBA12FAA5DEC0055E5A7 /* AppDelegate.swift */,
				49E9EBAD2FAA5DEC0055E5A7 /* ViewController.swift */,
				49E9EBAF2FAA5DEC0055E5A7 /* Main.storyboard */,
				49E9EBB22FAA5E040055E5A7 /* Assets.xcassets */,
				49E9EBB42FAA5E040055E5A7 /* Info.plist */,
				49E9EBA32FAA5DEC0055E5A7 /* Resources */,
			);
			path = "Webdev Toolbox";
			sourceTree = "<group>";
		};
		49E9EBA32FAA5DEC0055E5A7 /* Resources */ = {
			isa = PBXGroup;
			children = (
				49E9EBA42FAA5DEC0055E5A7 /* Main.html */,
				49E9EBA72FAA5DEC0055E5A7 /* Icon.png */,
				49E9EBA92FAA5DEC0055E5A7 /* Style.css */,
				49E9EBAB2FAA5DEC0055E5A7 /* Script.js */,
			);
			path = Resources;
			sourceTree = "<group>";
		};
		49E9EBBD2FAA5E070055E5A7 /* Webdev Toolbox Extension */ = {
			isa = PBXGroup;
			children = (
				49E9EBCA2FAA5E100055E5A7 /* Resources */,
				49E9EBBE2FAA5E070055E5A7 /* SafariWebExtensionHandler.swift */,
				49E9EBC02FAA5E070055E5A7 /* Info.plist */,
			);
			path = "Webdev Toolbox Extension";
			sourceTree = "<group>";
		};
		49E9EBCA2FAA5E100055E5A7 /* Resources */ = {
			isa = PBXGroup;
			children = (
				49E9EBCB2FAA5E100055E5A7 /* icon.png */,
				49E9EBCC2FAA5E100055E5A7 /* popup.js */,
				49E9EBCD2FAA5E100055E5A7 /* popup_old.js */,
				49E9EBCE2FAA5E100055E5A7 /* NEW_IDEAS.md */,
				49E9EBCF2FAA5E100055E5A7 /* IDEAS.md */,
				49E9EBD02FAA5E100055E5A7 /* background.js */,
				49E9EBD12FAA5E100055E5A7 /* converter.js */,
				49E9EBD22FAA5E100055E5A7 /* popup.html */,
				49E9EBD32FAA5E100055E5A7 /* dashboard.html */,
				49E9EBD42FAA5E100055E5A7 /* background_f50.js */,
				49E9EBD52FAA5E100055E5A7 /* README.md */,
				49E9EBD62FAA5E100055E5A7 /* ROADMAP.md */,
				49E9EBD72FAA5E100055E5A7 /* popup_f50.js */,
				49E9EBD82FAA5E100055E5A7 /* manifest.json */,
				49E9EBD92FAA5E100055E5A7 /* release.sh */,
				49E9EBDA2FAA5E100055E5A7 /* dashboard.js */,
				49E9EBDB2FAA5E100055E5A7 /* old_toolkit_listeners.txt */,
				49E9EBDC2FAA5E100055E5A7 /* popup_f50.html */,
				49E9EBDD2FAA5E100055E5A7 /* INSTRUCTIONS.md */,
				49E9EBDE2FAA5E100055E5A7 /* CONVERSION.md */,
				49E9EBDF2FAA5E100055E5A7 /* PORTABILITY.md */,
			);
			name = Resources;
			path = "Webdev Toolbox Extension";
			sourceTree = SOURCE_ROOT;
		};
/* End PBXGroup section */

/* Begin PBXNativeTarget section */
		49E9EB9D2FAA5DEB0055E5A7 /* Webdev Toolbox */ = {
			isa = PBXNativeTarget;
			buildConfigurationList = 49E9EBC72FAA5E070055E5A7 /* Build configuration list for PBXNativeTarget "Webdev Toolbox" */;
			buildPhases = (
				49E9EB9A2FAA5DEB0055E5A7 /* Sources */,
				49E9EB9B2FAA5DEB0055E5A7 /* Frameworks */,
				49E9EB9C2FAA5DEB0055E5A7 /* Resources */,
				49E9EBC62FAA5E070055E5A7 /* Embed Foundation Extensions */,
			);
			buildRules = (
			);
			dependencies = (
				49E9EBBC2FAA5E070055E5A7 /* PBXTargetDependency */,
			);
			name = "Webdev Toolbox";
			packageProductDependencies = (
			);
			productName = "Webdev Toolbox";
			productReference = 49E9EB9E2FAA5DEB0055E5A7 /* Webdev Toolbox.app */;
			productType = "com.apple.product-type.application";
		};
		49E9EBB82FAA5E070055E5A7 /* Webdev Toolbox Extension */ = {
			isa = PBXNativeTarget;
			buildConfigurationList = 49E9EBC32FAA5E070055E5A7 /* Build configuration list for PBXNativeTarget "Webdev Toolbox Extension" */;
			buildPhases = (
				49E9EBB52FAA5E070055E5A7 /* Sources */,
				49E9EBB62FAA5E070055E5A7 /* Frameworks */,
				49E9EBB72FAA5E070055E5A7 /* Resources */,
			);
			buildRules = (
			);
			dependencies = (
			);
			name = "Webdev Toolbox Extension";
			packageProductDependencies = (
			);
			productName = "Webdev Toolbox Extension";
			productReference = 49E9EBB92FAA5E070055E5A7 /* Webdev Toolbox Extension.appex */;
			productType = "com.apple.product-type.app-extension";
		};
/* End PBXNativeTarget section */

/* Begin PBXProject section */
		49E9EB962FAA5DEB0055E5A7 /* Project object */ = {
			isa = PBXProject;
			attributes = {
				BuildIndependentTargetsInParallel = 1;
				LastSwiftUpdateCheck = 2640;
				LastUpgradeCheck = 2640;
				TargetAttributes = {
					49E9EB9D2FAA5DEB0055E5A7 = {
						CreatedOnToolsVersion = 26.4.1;
					};
					49E9EBB82FAA5E070055E5A7 = {
						CreatedOnToolsVersion = 26.4.1;
					};
				};
			};
			buildConfigurationList = 49E9EB992FAA5DEB0055E5A7 /* Build configuration list for PBXProject "Webdev Toolbox" */;
			developmentRegion = en;
			hasScannedForEncodings = 0;
			knownRegions = (
				en,
				Base,
			);
			mainGroup = 49E9EB952FAA5DEA0055E5A7;
			minimizedProjectReferenceProxies = 1;
			preferredProjectObjectVersion = 77;
			productRefGroup = 49E9EB9F2FAA5DEB0055E5A7 /* Products */;
			projectDirPath = "";
			projectRoot = "";
			targets = (
				49E9EB9D2FAA5DEB0055E5A7 /* Webdev Toolbox */,
				49E9EBB82FAA5E070055E5A7 /* Webdev Toolbox Extension */,
			);
		};
/* End PBXProject section */

/* Begin PBXResourcesBuildPhase section */
		49E9EB9C2FAA5DEB0055E5A7 /* Resources */ = {
			isa = PBXResourcesBuildPhase;
			buildActionMask = 2147483647;
			files = (
				49E9EBA82FAA5DEC0055E5A7 /* Icon.png in Resources */,
				49E9EBB12FAA5DEC0055E5A7 /* Main.storyboard in Resources */,
				49E9EBAC2FAA5DEC0055E5A7 /* Script.js in Resources */,
				49E9EBA62FAA5DEC0055E5A7 /* Main.html in Resources */,
				49E9EBB32FAA5E040055E5A7 /* Assets.xcassets in Resources */,
				49E9EBAA2FAA5DEC0055E5A7 /* Style.css in Resources */,
			);
			runOnlyForDeploymentPostprocessing = 0;
		};
		49E9EBB72FAA5E070055E5A7 /* Resources */ = {
			isa = PBXResourcesBuildPhase;
			buildActionMask = 2147483647;
			files = (
				49E9EBE22FAA5E100055E5A7 /* popup_old.js in Resources */,
				49E9EBEB2FAA5E100055E5A7 /* ROADMAP.md in Resources */,
				49E9EBF32FAA5E100055E5A7 /* CONVERSION.md in Resources */,
				49E9EBE72FAA5E100055E5A7 /* popup.html in Resources */,
				49E9EBE42FAA5E100055E5A7 /* IDEAS.md in Resources */,
				49E9EBE62FAA5E100055E5A7 /* converter.js in Resources */,
				49E9EBF12FAA5E100055E5A7 /* popup_f50.html in Resources */,
				49E9EBE92FAA5E100055E5A7 /* background_f50.js in Resources */,
				49E9EBF42FAA5E100055E5A7 /* PORTABILITY.md in Resources */,
				49E9EBE02FAA5E100055E5A7 /* icon.png in Resources */,
				49E9EBF22FAA5E100055E5A7 /* INSTRUCTIONS.md in Resources */,
				49E9EBE82FAA5E100055E5A7 /* dashboard.html in Resources */,
				49E9EBED2FAA5E100055E5A7 /* manifest.json in Resources */,
				49E9EBF02FAA5E100055E5A7 /* old_toolkit_listeners.txt in Resources */,
				49E9EBEE2FAA5E100055E5A7 /* release.sh in Resources */,
				49E9EBE32FAA5E100055E5A7 /* NEW_IDEAS.md in Resources */,
				49E9EBEC2FAA5E100055E5A7 /* popup_f50.js in Resources */,
				49E9EBE52FAA5E100055E5A7 /* background.js in Resources */,
				49E9EBEA2FAA5E100055E5A7 /* README.md in Resources */,
				49E9EBE12FAA5E100055E5A7 /* popup.js in Resources */,
				49E9EBEF2FAA5E100055E5A7 /* dashboard.js in Resources */,
			);
			runOnlyForDeploymentPostprocessing = 0;
		};
/* End PBXResourcesBuildPhase section */

/* Begin PBXSourcesBuildPhase section */
		49E9EB9A2FAA5DEB0055E5A7 /* Sources */ = {
			isa = PBXSourcesBuildPhase;
			buildActionMask = 2147483647;
			files = (
				49E9EBAE2FAA5DEC0055E5A7 /* ViewController.swift in Sources */,
				49E9EBA22FAA5DEC0055E5A7 /* AppDelegate.swift in Sources */,
			);
			runOnlyForDeploymentPostprocessing = 0;
		};
		49E9EBB52FAA5E070055E5A7 /* Sources */ = {
			isa = PBXSourcesBuildPhase;
			buildActionMask = 2147483647;
			files = (
				49E9EBBF2FAA5E070055E5A7 /* SafariWebExtensionHandler.swift in Sources */,
			);
			runOnlyForDeploymentPostprocessing = 0;
		};
/* End PBXSourcesBuildPhase section */

/* Begin PBXTargetDependency section */
		49E9EBBC2FAA5E070055E5A7 /* PBXTargetDependency */ = {
			isa = PBXTargetDependency;
			target = 49E9EBB82FAA5E070055E5A7 /* Webdev Toolbox Extension */;
			targetProxy = 49E9EBBB2FAA5E070055E5A7 /* PBXContainerItemProxy */;
		};
/* End PBXTargetDependency section */

/* Begin PBXVariantGroup section */
		49E9EBA42FAA5DEC0055E5A7 /* Main.html */ = {
			isa = PBXVariantGroup;
			children = (
				49E9EBA52FAA5DEC0055E5A7 /* Base */,
			);
			name = Main.html;
			sourceTree = "<group>";
		};
		49E9EBAF2FAA5DEC0055E5A7 /* Main.storyboard */ = {
			isa = PBXVariantGroup;
			children = (
				49E9EBB02FAA5DEC0055E5A7 /* Base */,
			);
			name = Main.storyboard;
			sourceTree = "<group>";
		};
/* End PBXVariantGroup section */

/* Begin XCBuildConfiguration section */
		49E9EBC12FAA5E070055E5A7 /* Debug */ = {
			isa = XCBuildConfiguration;
			buildSettings = {
				ALWAYS_SEARCH_USER_PATHS = NO;
				ASSETCATALOG_COMPILER_GENERATE_SWIFT_ASSET_SYMBOL_EXTENSIONS = YES;
				CLANG_ANALYZER_NONNULL = YES;
				CLANG_ANALYZER_NUMBER_OBJECT_CONVERSION = YES_AGGRESSIVE;
				CLANG_CXX_LANGUAGE_STANDARD = "gnu++20";
				CLANG_ENABLE_MODULES = YES;
				CLANG_ENABLE_OBJC_ARC = YES;
				CLANG_ENABLE_OBJC_WEAK = YES;
				CLANG_WARN_BLOCK_CAPTURE_AUTORELEASING = YES;
				CLANG_WARN_BOOL_CONVERSION = YES;
				CLANG_WARN_COMMA = YES;
				CLANG_WARN_CONSTANT_CONVERSION = YES;
				CLANG_WARN_DEPRECATED_OBJC_IMPLEMENTATIONS = YES;
				CLANG_WARN_DIRECT_OBJC_ISA_USAGE = YES_ERROR;
				CLANG_WARN_DOCUMENTATION_COMMENTS = YES;
				CLANG_WARN_EMPTY_BODY = YES;
				CLANG_WARN_ENUM_CONVERSION = YES;
				CLANG_WARN_INFINITE_RECURSION = YES;
				CLANG_WARN_INT_CONVERSION = YES;
				CLANG_WARN_NON_LITERAL_NULL_CONVERSION = YES;
				CLANG_WARN_OBJC_IMPLICIT_RETAIN_SELF = YES;
				CLANG_WARN_OBJC_LITERAL_CONVERSION = YES;
				CLANG_WARN_OBJC_ROOT_CLASS = YES_ERROR;
				CLANG_WARN_QUOTED_INCLUDE_IN_FRAMEWORK_HEADER = YES;
				CLANG_WARN_RANGE_LOOP_ANALYSIS = YES;
				CLANG_WARN_STRICT_PROTOTYPES = YES;
				CLANG_WARN_SUSPICIOUS_MOVE = YES;
				CLANG_WARN_UNGUARDED_AVAILABILITY = YES_AGGRESSIVE;
				CLANG_WARN_UNREACHABLE_CODE = YES;
				CLANG_WARN__DUPLICATE_METHOD_MATCH = YES;
				COPY_PHASE_STRIP = NO;
				DEBUG_INFORMATION_FORMAT = dwarf;
				ENABLE_STRICT_OBJC_MSGSEND = YES;
				ENABLE_TESTABILITY = YES;
				ENABLE_USER_SCRIPT_SANDBOXING = YES;
				GCC_C_LANGUAGE_STANDARD = gnu17;
				GCC_DYNAMIC_NO_PIC = NO;
				GCC_NO_COMMON_BLOCKS = YES;
				GCC_OPTIMIZATION_LEVEL = 0;
				GCC_PREPROCESSOR_DEFINITIONS = (
					"DEBUG=1",
					"$(inherited)",
				);
				GCC_WARN_64_TO_32_BIT_CONVERSION = YES;
				GCC_WARN_ABOUT_RETURN_TYPE = YES_ERROR;
				GCC_WARN_UNDECLARED_SELECTOR = YES;
				GCC_WARN_UNINITIALIZED_AUTOS = YES_AGGRESSIVE;
				GCC_WARN_UNUSED_FUNCTION = YES;
				GCC_WARN_UNUSED_VARIABLE = YES;
				LOCALIZATION_PREFERS_STRING_CATALOGS = YES;
				MACOSX_DEPLOYMENT_TARGET = 26.4;
				MTL_ENABLE_DEBUG_INFO = INCLUDE_SOURCE;
				MTL_FAST_MATH = YES;
				ONLY_ACTIVE_ARCH = YES;
				SDKROOT = macosx;
				SWIFT_ACTIVE_COMPILATION_CONDITIONS = "DEBUG $(inherited)";
				SWIFT_OPTIMIZATION_LEVEL = "-Onone";
			};
			name = Debug;
		};
		49E9EBC22FAA5E070055E5A7 /* Release */ = {
			isa = XCBuildConfiguration;
			buildSettings = {
				ALWAYS_SEARCH_USER_PATHS = NO;
				ASSETCATALOG_COMPILER_GENERATE_SWIFT_ASSET_SYMBOL_EXTENSIONS = YES;
				CLANG_ANALYZER_NONNULL = YES;
				CLANG_ANALYZER_NUMBER_OBJECT_CONVERSION = YES_AGGRESSIVE;
				CLANG_CXX_LANGUAGE_STANDARD = "gnu++20";
				CLANG_ENABLE_MODULES = YES;
				CLANG_ENABLE_OBJC_ARC = YES;
				CLANG_ENABLE_OBJC_WEAK = YES;
				CLANG_WARN_BLOCK_CAPTURE_AUTORELEASING = YES;
				CLANG_WARN_BOOL_CONVERSION = YES;
				CLANG_WARN_COMMA = YES;
				CLANG_WARN_CONSTANT_CONVERSION = YES;
				CLANG_WARN_DEPRECATED_OBJC_IMPLEMENTATIONS = YES;
				CLANG_WARN_DIRECT_OBJC_ISA_USAGE = YES_ERROR;
				CLANG_WARN_DOCUMENTATION_COMMENTS = YES;
				CLANG_WARN_EMPTY_BODY = YES;
				CLANG_WARN_ENUM_CONVERSION = YES;
				CLANG_WARN_INFINITE_RECURSION = YES;
				CLANG_WARN_INT_CONVERSION = YES;
				CLANG_WARN_NON_LITERAL_NULL_CONVERSION = YES;
				CLANG_WARN_OBJC_IMPLICIT_RETAIN_SELF = YES;
				CLANG_WARN_OBJC_LITERAL_CONVERSION = YES;
				CLANG_WARN_OBJC_ROOT_CLASS = YES_ERROR;
				CLANG_WARN_QUOTED_INCLUDE_IN_FRAMEWORK_HEADER = YES;
				CLANG_WARN_RANGE_LOOP_ANALYSIS = YES;
				CLANG_WARN_STRICT_PROTOTYPES = YES;
				CLANG_WARN_SUSPICIOUS_MOVE = YES;
				CLANG_WARN_UNGUARDED_AVAILABILITY = YES_AGGRESSIVE;
				CLANG_WARN_UNREACHABLE_CODE = YES;
				CLANG_WARN__DUPLICATE_METHOD_MATCH = YES;
				COPY_PHASE_STRIP = NO;
				DEBUG_INFORMATION_FORMAT = "dwarf-with-dsym";
				ENABLE_NS_ASSERTIONS = NO;
				ENABLE_STRICT_OBJC_MSGSEND = YES;
				ENABLE_USER_SCRIPT_SANDBOXING = YES;
				GCC_C_LANGUAGE_STANDARD = gnu17;
				GCC_NO_COMMON_BLOCKS = YES;
				GCC_WARN_64_TO_32_BIT_CONVERSION = YES;
				GCC_WARN_ABOUT_RETURN_TYPE = YES_ERROR;
				GCC_WARN_UNDECLARED_SELECTOR = YES;
				GCC_WARN_UNINITIALIZED_AUTOS = YES_AGGRESSIVE;
				GCC_WARN_UNUSED_FUNCTION = YES;
				GCC_WARN_UNUSED_VARIABLE = YES;
				LOCALIZATION_PREFERS_STRING_CATALOGS = YES;
				MACOSX_DEPLOYMENT_TARGET = 26.4;
				MTL_ENABLE_DEBUG_INFO = NO;
				MTL_FAST_MATH = YES;
				SDKROOT = macosx;
				SWIFT_COMPILATION_MODE = wholemodule;
			};
			name = Release;
		};
		49E9EBC42FAA5E070055E5A7 /* Debug */ = {
			isa = XCBuildConfiguration;
			buildSettings = {
				CODE_SIGN_STYLE = Automatic;
				CURRENT_PROJECT_VERSION = 1;
				ENABLE_APP_SANDBOX = YES;
				ENABLE_HARDENED_RUNTIME = YES;
				ENABLE_USER_SELECTED_FILES = readonly;
				GENERATE_INFOPLIST_FILE = YES;
				INFOPLIST_FILE = "Webdev Toolbox Extension/Info.plist";
				INFOPLIST_KEY_CFBundleDisplayName = "Webdev Toolbox Extension";
				INFOPLIST_KEY_NSHumanReadableCopyright = "";
				LD_RUNPATH_SEARCH_PATHS = (
					"$(inherited)",
					"@executable_path/../Frameworks",
					"@executable_path/../../../../Frameworks",
				);
				MACOSX_DEPLOYMENT_TARGET = 10.14;
				MARKETING_VERSION = 1.0;
				OTHER_LDFLAGS = (
					"-framework",
					SafariServices,
				);
				PRODUCT_BUNDLE_IDENTIFIER = "com.yourCompany.Webdev-Toolbox.Extension";
				PRODUCT_NAME = "$(TARGET_NAME)";
				SKIP_INSTALL = YES;
				STRING_CATALOG_GENERATE_SYMBOLS = YES;
				SWIFT_APPROACHABLE_CONCURRENCY = YES;
				SWIFT_EMIT_LOC_STRINGS = YES;
				SWIFT_UPCOMING_FEATURE_MEMBER_IMPORT_VISIBILITY = YES;
				SWIFT_VERSION = 5.0;
			};
			name = Debug;
		};
		49E9EBC52FAA5E070055E5A7 /* Release */ = {
			isa = XCBuildConfiguration;
			buildSettings = {
				CODE_SIGN_STYLE = Automatic;
				CURRENT_PROJECT_VERSION = 1;
				ENABLE_APP_SANDBOX = YES;
				ENABLE_HARDENED_RUNTIME = YES;
				ENABLE_USER_SELECTED_FILES = readonly;
				GENERATE_INFOPLIST_FILE = YES;
				INFOPLIST_FILE = "Webdev Toolbox Extension/Info.plist";
				INFOPLIST_KEY_CFBundleDisplayName = "Webdev Toolbox Extension";
				INFOPLIST_KEY_NSHumanReadableCopyright = "";
				LD_RUNPATH_SEARCH_PATHS = (
					"$(inherited)",
					"@executable_path/../Frameworks",
					"@executable_path/../../../../Frameworks",
				);
				MACOSX_DEPLOYMENT_TARGET = 10.14;
				MARKETING_VERSION = 1.0;
				OTHER_LDFLAGS = (
					"-framework",
					SafariServices,
				);
				PRODUCT_BUNDLE_IDENTIFIER = "com.yourCompany.Webdev-Toolbox.Extension";
				PRODUCT_NAME = "$(TARGET_NAME)";
				SKIP_INSTALL = YES;
				STRING_CATALOG_GENERATE_SYMBOLS = YES;
				SWIFT_APPROACHABLE_CONCURRENCY = YES;
				SWIFT_EMIT_LOC_STRINGS = YES;
				SWIFT_UPCOMING_FEATURE_MEMBER_IMPORT_VISIBILITY = YES;
				SWIFT_VERSION = 5.0;
			};
			name = Release;
		};
		49E9EBC82FAA5E070055E5A7 /* Debug */ = {
			isa = XCBuildConfiguration;
			buildSettings = {
				ASSETCATALOG_COMPILER_APPICON_NAME = AppIcon;
				ASSETCATALOG_COMPILER_GLOBAL_ACCENT_COLOR_NAME = AccentColor;
				CODE_SIGN_STYLE = Automatic;
				COMBINE_HIDPI_IMAGES = YES;
				CURRENT_PROJECT_VERSION = 1;
				ENABLE_APP_SANDBOX = YES;
				ENABLE_HARDENED_RUNTIME = YES;
				ENABLE_OUTGOING_NETWORK_CONNECTIONS = YES;
				ENABLE_USER_SELECTED_FILES = readonly;
				GENERATE_INFOPLIST_FILE = YES;
				INFOPLIST_FILE = "Webdev Toolbox/Info.plist";
				INFOPLIST_KEY_CFBundleDisplayName = "Webdev Toolbox";
				INFOPLIST_KEY_NSHumanReadableCopyright = "";
				INFOPLIST_KEY_NSMainStoryboardFile = Main;
				INFOPLIST_KEY_NSPrincipalClass = NSApplication;
				LD_RUNPATH_SEARCH_PATHS = (
					"$(inherited)",
					"@executable_path/../Frameworks",
				);
				MARKETING_VERSION = 1.0;
				OTHER_LDFLAGS = (
					"-framework",
					SafariServices,
					"-framework",
					WebKit,
				);
				PRODUCT_BUNDLE_IDENTIFIER = "com.yourCompany.Webdev-Toolbox";
				PRODUCT_NAME = "$(TARGET_NAME)";
				REGISTER_APP_GROUPS = YES;
				STRING_CATALOG_GENERATE_SYMBOLS = YES;
				SWIFT_APPROACHABLE_CONCURRENCY = YES;
				SWIFT_DEFAULT_ACTOR_ISOLATION = MainActor;
				SWIFT_EMIT_LOC_STRINGS = YES;
				SWIFT_UPCOMING_FEATURE_MEMBER_IMPORT_VISIBILITY = YES;
				SWIFT_VERSION = 5.0;
			};
			name = Debug;
		};
		49E9EBC92FAA5E070055E5A7 /* Release */ = {
			isa = XCBuildConfiguration;
			buildSettings = {
				ASSETCATALOG_COMPILER_APPICON_NAME = AppIcon;
				ASSETCATALOG_COMPILER_GLOBAL_ACCENT_COLOR_NAME = AccentColor;
				CODE_SIGN_STYLE = Automatic;
				COMBINE_HIDPI_IMAGES = YES;
				CURRENT_PROJECT_VERSION = 1;
				ENABLE_APP_SANDBOX = YES;
				ENABLE_HARDENED_RUNTIME = YES;
				ENABLE_OUTGOING_NETWORK_CONNECTIONS = YES;
				ENABLE_USER_SELECTED_FILES = readonly;
				GENERATE_INFOPLIST_FILE = YES;
				INFOPLIST_FILE = "Webdev Toolbox/Info.plist";
				INFOPLIST_KEY_CFBundleDisplayName = "Webdev Toolbox";
				INFOPLIST_KEY_NSHumanReadableCopyright = "";
				INFOPLIST_KEY_NSMainStoryboardFile = Main;
				INFOPLIST_KEY_NSPrincipalClass = NSApplication;
				LD_RUNPATH_SEARCH_PATHS = (
					"$(inherited)",
					"@executable_path/../Frameworks",
				);
				MARKETING_VERSION = 1.0;
				OTHER_LDFLAGS = (
					"-framework",
					SafariServices,
					"-framework",
					WebKit,
				);
				PRODUCT_BUNDLE_IDENTIFIER = "com.yourCompany.Webdev-Toolbox";
				PRODUCT_NAME = "$(TARGET_NAME)";
				REGISTER_APP_GROUPS = YES;
				STRING_CATALOG_GENERATE_SYMBOLS = YES;
				SWIFT_APPROACHABLE_CONCURRENCY = YES;
				SWIFT_DEFAULT_ACTOR_ISOLATION = MainActor;
				SWIFT_EMIT_LOC_STRINGS = YES;
				SWIFT_UPCOMING_FEATURE_MEMBER_IMPORT_VISIBILITY = YES;
				SWIFT_VERSION = 5.0;
			};
			name = Release;
		};
/* End XCBuildConfiguration section */

/* Begin XCConfigurationList section */
		49E9EB992FAA5DEB0055E5A7 /* Build configuration list for PBXProject "Webdev Toolbox" */ = {
			isa = XCConfigurationList;
			buildConfigurations = (
				49E9EBC12FAA5E070055E5A7 /* Debug */,
				49E9EBC22FAA5E070055E5A7 /* Release */,
			);
			defaultConfigurationIsVisible = 0;
			defaultConfigurationName = Release;
		};
		49E9EBC32FAA5E070055E5A7 /* Build configuration list for PBXNativeTarget "Webdev Toolbox Extension" */ = {
			isa = XCConfigurationList;
			buildConfigurations = (
				49E9EBC42FAA5E070055E5A7 /* Debug */,
				49E9EBC52FAA5E070055E5A7 /* Release */,
			);
			defaultConfigurationIsVisible = 0;
			defaultConfigurationName = Release;
		};
		49E9EBC72FAA5E070055E5A7 /* Build configuration list for PBXNativeTarget "Webdev Toolbox" */ = {
			isa = XCConfigurationList;
			buildConfigurations = (
				49E9EBC82FAA5E070055E5A7 /* Debug */,
				49E9EBC92FAA5E070055E5A7 /* Release */,
			);
			defaultConfigurationIsVisible = 0;
			defaultConfigurationName = Release;
		};
/* End XCConfigurationList section */
	};
	rootObject = 49E9EB962FAA5DEB0055E5A7 /* Project object */;
}
